
Microsoft Visual Studio Solution File, Format Version 12.00
# Visual Studio Version 16
VisualStudioVersion = 16.0.29519.87
MinimumVisualStudioVersion = 10.0.40219.1
Project("{FAE04EC0-301F-11D3-BF4B-00C04F79EFBC}") = "Day1A", "Day1A\Day1A.csproj", "{B0ECEB7D-DFC2-42A8-AAAB-16B487FAAE88}"
EndProject
Global
	GlobalSection(SolutionConfigurationPlatforms) = preSolution
		Debug|Any CPU = Debug|Any CPU
		Release|Any CPU = Release|Any CPU
	EndGlobalSection
	GlobalSection(ProjectConfigurationPlatforms) = postSolution
		{B0ECEB7D-DFC2-42A8-AAAB-16B487FAAE88}.Debug|Any CPU.ActiveCfg = Debug|Any CPU
		{B0ECEB7D-DFC2-42A8-AAAB-16B487FAAE88}.Debug|Any CPU.Build.0 = Debug|Any CPU
		{B0ECEB7D-DFC2-42A8-AAAB-16B487FAAE88}.Release|Any CPU.ActiveCfg = Release|Any CPU
		{B0ECEB7D-DFC2-42A8-AAAB-16B487FAAE88}.Release|Any CPU.Build.0 = Release|Any CPU
	EndGlobalSection
	GlobalSection(SolutionProperties) = preSolution
		HideSolutionNode = FALSE
	EndGlobalSection
	GlobalSection(ExtensibilityGlobals) = postSolution
		SolutionGuid = {4F381141-E900-4944-910D-098A535433C5}
	EndGlobalSection
EndGlobal
