
Microsoft Visual Studio Solution File, Format Version 12.00
# Visual Studio Version 16
VisualStudioVersion = 16.0.29519.87
MinimumVisualStudioVersion = 10.0.40219.1
Project("{FAE04EC0-301F-11D3-BF4B-00C04F79EFBC}") = "Day3A", "Day3A\Day3A.csproj", "{F68E7C2D-3457-4F7D-95F3-DDBAB7BA78B2}"
EndProject
Global
	GlobalSection(SolutionConfigurationPlatforms) = preSolution
		Debug|Any CPU = Debug|Any CPU
		Release|Any CPU = Release|Any CPU
	EndGlobalSection
	GlobalSection(ProjectConfigurationPlatforms) = postSolution
		{F68E7C2D-3457-4F7D-95F3-DDBAB7BA78B2}.Debug|Any CPU.ActiveCfg = Debug|Any CPU
		{F68E7C2D-3457-4F7D-95F3-DDBAB7BA78B2}.Debug|Any CPU.Build.0 = Debug|Any CPU
		{F68E7C2D-3457-4F7D-95F3-DDBAB7BA78B2}.Release|Any CPU.ActiveCfg = Release|Any CPU
		{F68E7C2D-3457-4F7D-95F3-DDBAB7BA78B2}.Release|Any CPU.Build.0 = Release|Any CPU
	EndGlobalSection
	GlobalSection(SolutionProperties) = preSolution
		HideSolutionNode = FALSE
	EndGlobalSection
	GlobalSection(ExtensibilityGlobals) = postSolution
		SolutionGuid = {EC565A1C-9538-4E16-993C-40DE79715179}
	EndGlobalSection
EndGlobal
